// !$*UTF8*$!
{
	archiveVersion = 1;
	classes = {
	};
	objectVersion = 48;
	objects = {

/* Begin PBXBuildFile section */
		270341751F84F69000A87DB4 /* Basketball.scnassets in Resources */ = {isa = PBXBuildFile; fileRef = 270341741F84F69000A87DB4 /* Basketball.scnassets */; };
		277BEF9B1F84353300A414BA /* AppDelegate.swift in Sources */ = {isa = PBXBuildFile; fileRef = 277BEF9A1F84353300A414BA /* AppDelegate.swift */; };
		277BEF9D1F84353300A414BA /* ViewController.swift in Sources */ = {isa = PBXBuildFile; fileRef = 277BEF9C1F84353300A414BA /* ViewController.swift */; };
		277BEFA01F84353300A414BA /* Main.storyboard in Resources */ = {isa = PBXBuildFile; fileRef = 277BEF9E1F84353300A414BA /* Main.storyboard */; };
		277BEFA21F84353300A414BA /* Assets.xcassets in Resources */ = {isa = PBXBuildFile; fileRef = 277BEFA11F84353300A414BA /* Assets.xcassets */; };
		277BEFA51F84353300A414BA /* LaunchScreen.storyboard in Resources */ = {isa = PBXBuildFile; fileRef = 277BEFA31F84353300A414BA /* LaunchScreen.storyboard */; };
		CB81CB278856F6C644C63922 /* Pods_BasketBall.framework in Frameworks */ = {isa = PBXBuildFile; fileRef = E125D4144DF1E7738C90A62C /* Pods_BasketBall.framework */; };
/* End PBXBuildFile section */

/* Begin PBXFileReference section */
		270341741F84F69000A87DB4 /* Basketball.scnassets */ = {isa = PBXFileReference; lastKnownFileType = wrapper.scnassets; path = Basketball.scnassets; sourceTree = "<group>"; };
		277BEF971F84353300A414BA /* BasketBall.app */ = {isa = PBXFileReference; explicitFileType = wrapper.application; includeInIndex = 0; path = BasketBall.app; sourceTree = BUILT_PRODUCTS_DIR; };
		277BEF9A1F84353300A414BA /* AppDelegate.swift */ = {isa = PBXFileReference; lastKnownFileType = sourcecode.swift; path = AppDelegate.swift; sourceTree = "<group>"; };
		277BEF9C1F84353300A414BA /* ViewController.swift */ = {isa = PBXFileReference; lastKnownFileType = sourcecode.swift; path = ViewController.swift; sourceTree = "<group>"; };
		277BEF9F1F84353300A414BA /* Base */ = {isa = PBXFileReference; lastKnownFileType = file.storyboard; name = Base; path = Base.lproj/Main.storyboard; sourceTree = "<group>"; };
		277BEFA11F84353300A414BA /* Assets.xcassets */ = {isa = PBXFileReference; lastKnownFileType = folder.assetcatalog; path = Assets.xcassets; sourceTree = "<group>"; };
		277BEFA41F84353300A414BA /* Base */ = {isa = PBXFileReference; lastKnownFileType = file.storyboard; name = Base; path = Base.lproj/LaunchScreen.storyboard; sourceTree = "<group>"; };
		277BEFA61F84353300A414BA /* Info.plist */ = {isa = PBXFileReference; lastKnownFileType = text.plist.xml; path = Info.plist; sourceTree = "<group>"; };
		45F67D59EFCEC3E65F5E621B /* Pods-BasketBall.debug.xcconfig */ = {isa = PBXFileReference; includeInIndex = 1; lastKnownFileType = text.xcconfig; name = "Pods-BasketBall.debug.xcconfig"; path = "Pods/Target Support Files/Pods-BasketBall/Pods-BasketBall.debug.xcconfig"; sourceTree = "<group>"; };
		64030AA85DF5A68FC9B25314 /* Pods-BasketBall.release.xcconfig */ = {isa = PBXFileReference; includeInIndex = 1; lastKnownFileType = text.xcconfig; name = "Pods-BasketBall.release.xcconfig"; path = "Pods/Target Support Files/Pods-BasketBall/Pods-BasketBall.release.xcconfig"; sourceTree = "<group>"; };
		E125D4144DF1E7738C90A62C /* Pods_BasketBall.framework */ = {isa = PBXFileReference; explicitFileType = wrapper.framework; includeInIndex = 0; path = Pods_BasketBall.framework; sourceTree = BUILT_PRODUCTS_DIR; };
/* End PBXFileReference section */

/* Begin PBXFrameworksBuildPhase section */
		277BEF941F84353300A414BA /* Frameworks */ = {
			isa = PBXFrameworksBuildPhase;
			buildActionMask = 2147483647;
			files = (
				CB81CB278856F6C644C63922 /* Pods_BasketBall.framework in Frameworks */,
			);
			runOnlyForDeploymentPostprocessing = 0;
		};
/* End PBXFrameworksBuildPhase section */

/* Begin PBXGroup section */
		277BEF8E1F84353300A414BA = {
			isa = PBXGroup;
			children = (
				277BEF991F84353300A414BA /* Basketball */,
				277BEF981F84353300A414BA /* Products */,
				7A4C4B0E6B8CD4BB95C92164 /* Pods */,
				5F535FD467A7C91BD3CE1F3E /* Frameworks */,
			);
			sourceTree = "<group>";
		};
		277BEF981F84353300A414BA /* Products */ = {
			isa = PBXGroup;
			children = (
				277BEF971F84353300A414BA /* BasketBall.app */,
			);
			name = Products;
			sourceTree = "<group>";
		};
		277BEF991F84353300A414BA /* Basketball */ = {
			isa = PBXGroup;
			children = (
				277BEF9A1F84353300A414BA /* AppDelegate.swift */,
				277BEF9C1F84353300A414BA /* ViewController.swift */,
				277BEF9E1F84353300A414BA /* Main.storyboard */,
				277BEFA11F84353300A414BA /* Assets.xcassets */,
				277BEFA31F84353300A414BA /* LaunchScreen.storyboard */,
				277BEFA61F84353300A414BA /* Info.plist */,
				270341741F84F69000A87DB4 /* Basketball.scnassets */,
			);
			path = Basketball;
			sourceTree = "<group>";
		};
		5F535FD467A7C91BD3CE1F3E /* Frameworks */ = {
			isa = PBXGroup;
			children = (
				E125D4144DF1E7738C90A62C /* Pods_BasketBall.framework */,
			);
			name = Frameworks;
			sourceTree = "<group>";
		};
		7A4C4B0E6B8CD4BB95C92164 /* Pods */ = {
			isa = PBXGroup;
			children = (
				45F67D59EFCEC3E65F5E621B /* Pods-BasketBall.debug.xcconfig */,
				64030AA85DF5A68FC9B25314 /* Pods-BasketBall.release.xcconfig */,
			);
			name = Pods;
			sourceTree = "<group>";
		};
/* End PBXGroup section */

/* Begin PBXNativeTarget section */
		277BEF961F84353300A414BA /* BasketBall */ = {
			isa = PBXNativeTarget;
			buildConfigurationList = 277BEFA91F84353300A414BA /* Build configuration list for PBXNativeTarget "BasketBall" */;
			buildPhases = (
				35621A8ECB7659F9A61365DE /* [CP] Check Pods Manifest.lock */,
				277BEF931F84353300A414BA /* Sources */,
				277BEF941F84353300A414BA /* Frameworks */,
				277BEF951F84353300A414BA /* Resources */,
				45FE6911C3BC90A7031B493A /* [CP] Embed Pods Frameworks */,
				A73C5E669C86C4D4ED66B9B1 /* [CP] Copy Pods Resources */,
			);
			buildRules = (
			);
			dependencies = (
			);
			name = BasketBall;
			productName = BaseballGame;
			productReference = 277BEF971F84353300A414BA /* BasketBall.app */;
			productType = "com.apple.product-type.application";
		};
/* End PBXNativeTarget section */

/* Begin PBXProject section */
		277BEF8F1F84353300A414BA /* Project object */ = {
			isa = PBXProject;
			attributes = {
				LastSwiftUpdateCheck = 0900;
				LastUpgradeCheck = 0900;
				ORGANIZATIONNAME = "Lodge Farm Apps";
				TargetAttributes = {
					277BEF961F84353300A414BA = {
						CreatedOnToolsVersion = 9.0;
						ProvisioningStyle = Automatic;
					};
				};
			};
			buildConfigurationList = 277BEF921F84353300A414BA /* Build configuration list for PBXProject "BasketBall" */;
			compatibilityVersion = "Xcode 8.0";
			developmentRegion = en;
			hasScannedForEncodings = 0;
			knownRegions = (
				en,
				Base,
			);
			mainGroup = 277BEF8E1F84353300A414BA;
			productRefGroup = 277BEF981F84353300A414BA /* Products */;
			projectDirPath = "";
			projectRoot = "";
			targets = (
				277BEF961F84353300A414BA /* BasketBall */,
			);
		};
/* End PBXProject section */

/* Begin PBXResourcesBuildPhase section */
		277BEF951F84353300A414BA /* Resources */ = {
			isa = PBXResourcesBuildPhase;
			buildActionMask = 2147483647;
			files = (
				277BEFA51F84353300A414BA /* LaunchScreen.storyboard in Resources */,
				277BEFA21F84353300A414BA /* Assets.xcassets in Resources */,
				270341751F84F69000A87DB4 /* Basketball.scnassets in Resources */,
				277BEFA01F84353300A414BA /* Main.storyboard in Resources */,
			);
			runOnlyForDeploymentPostprocessing = 0;
		};
/* End PBXResourcesBuildPhase section */

/* Begin PBXShellScriptBuildPhase section */
		35621A8ECB7659F9A61365DE /* [CP] Check Pods Manifest.lock */ = {
			isa = PBXShellScriptBuildPhase;
			buildActionMask = 2147483647;
			files = (
			);
			inputPaths = (
				"${PODS_PODFILE_DIR_PATH}/Podfile.lock",
				"${PODS_ROOT}/Manifest.lock",
			);
			name = "[CP] Check Pods Manifest.lock";
			outputPaths = (
				"$(DERIVED_FILE_DIR)/Pods-BasketBall-checkManifestLockResult.txt",
			);
			runOnlyForDeploymentPostprocessing = 0;
			shellPath = /bin/sh;
			shellScript = "diff \"${PODS_PODFILE_DIR_PATH}/Podfile.lock\" \"${PODS_ROOT}/Manifest.lock\" > /dev/null\nif [ $? != 0 ] ; then\n    # print error to STDERR\n    echo \"error: The sandbox is not in sync with the Podfile.lock. Run 'pod install' or update your CocoaPods installation.\" >&2\n    exit 1\nfi\n# This output is used by Xcode 'outputs' to avoid re-running this script phase.\necho \"SUCCESS\" > \"${SCRIPT_OUTPUT_FILE_0}\"\n";
			showEnvVarsInLog = 0;
		};
		45FE6911C3BC90A7031B493A /* [CP] Embed Pods Frameworks */ = {
			isa = PBXShellScriptBuildPhase;
			buildActionMask = 2147483647;
			files = (
			);
			inputPaths = (
				"${SRCROOT}/Pods/Target Support Files/Pods-BasketBall/Pods-BasketBall-frameworks.sh",
				"${BUILT_PRODUCTS_DIR}/Each/Each.framework",
			);
			name = "[CP] Embed Pods Frameworks";
			outputPaths = (
				"${TARGET_BUILD_DIR}/${FRAMEWORKS_FOLDER_PATH}/Each.framework",
			);
			runOnlyForDeploymentPostprocessing = 0;
			shellPath = /bin/sh;
			shellScript = "\"${SRCROOT}/Pods/Target Support Files/Pods-BasketBall/Pods-BasketBall-frameworks.sh\"\n";
			showEnvVarsInLog = 0;
		};
		A73C5E669C86C4D4ED66B9B1 /* [CP] Copy Pods Resources */ = {
			isa = PBXShellScriptBuildPhase;
			buildActionMask = 2147483647;
			files = (
			);
			inputPaths = (
			);
			name = "[CP] Copy Pods Resources";
			outputPaths = (
			);
			runOnlyForDeploymentPostprocessing = 0;
			shellPath = /bin/sh;
			shellScript = "\"${SRCROOT}/Pods/Target Support Files/Pods-BasketBall/Pods-BasketBall-resources.sh\"\n";
			showEnvVarsInLog = 0;
		};
/* End PBXShellScriptBuildPhase section */

/* Begin PBXSourcesBuildPhase section */
		277BEF931F84353300A414BA /* Sources */ = {
			isa = PBXSourcesBuildPhase;
			buildActionMask = 2147483647;
			files = (
				277BEF9D1F84353300A414BA /* ViewController.swift in Sources */,
				277BEF9B1F84353300A414BA /* AppDelegate.swift in Sources */,
			);
			runOnlyForDeploymentPostprocessing = 0;
		};
/* End PBXSourcesBuildPhase section */

/* Begin PBXVariantGroup section */
		277BEF9E1F84353300A414BA /* Main.storyboard */ = {
			isa = PBXVariantGroup;
			children = (
				277BEF9F1F84353300A414BA /* Base */,
			);
			name = Main.storyboard;
			sourceTree = "<group>";
		};
		277BEFA31F84353300A414BA /* LaunchScreen.storyboard */ = {
			isa = PBXVariantGroup;
			children = (
				277BEFA41F84353300A414BA /* Base */,
			);
			name = LaunchScreen.storyboard;
			sourceTree = "<group>";
		};
/* End PBXVariantGroup section */

/* Begin XCBuildConfiguration section */
		277BEFA71F84353300A414BA /* Debug */ = {
			isa = XCBuildConfiguration;
			buildSettings = {
				ALWAYS_SEARCH_USER_PATHS = NO;
				CLANG_ANALYZER_NONNULL = YES;
				CLANG_ANALYZER_NUMBER_OBJECT_CONVERSION = YES_AGGRESSIVE;
				CLANG_CXX_LANGUAGE_STANDARD = "gnu++14";
				CLANG_CXX_LIBRARY = "libc++";
				CLANG_ENABLE_MODULES = YES;
				CLANG_ENABLE_OBJC_ARC = YES;
				CLANG_WARN_BLOCK_CAPTURE_AUTORELEASING = YES;
				CLANG_WARN_BOOL_CONVERSION = YES;
				CLANG_WARN_COMMA = YES;
				CLANG_WARN_CONSTANT_CONVERSION = YES;
				CLANG_WARN_DIRECT_OBJC_ISA_USAGE = YES_ERROR;
				CLANG_WARN_DOCUMENTATION_COMMENTS = YES;
				CLANG_WARN_EMPTY_BODY = YES;
				CLANG_WARN_ENUM_CONVERSION = YES;
				CLANG_WARN_INFINITE_RECURSION = YES;
				CLANG_WARN_INT_CONVERSION = YES;
				CLANG_WARN_NON_LITERAL_NULL_CONVERSION = YES;
				CLANG_WARN_OBJC_LITERAL_CONVERSION = YES;
				CLANG_WARN_OBJC_ROOT_CLASS = YES_ERROR;
				CLANG_WARN_RANGE_LOOP_ANALYSIS = YES;
				CLANG_WARN_STRICT_PROTOTYPES = YES;
				CLANG_WARN_SUSPICIOUS_MOVE = YES;
				CLANG_WARN_UNGUARDED_AVAILABILITY = YES_AGGRESSIVE;
				CLANG_WARN_UNREACHABLE_CODE = YES;
				CLANG_WARN__DUPLICATE_METHOD_MATCH = YES;
				CODE_SIGN_IDENTITY = "iPhone Developer";
				COPY_PHASE_STRIP = NO;
				DEBUG_INFORMATION_FORMAT = dwarf;
				ENABLE_STRICT_OBJC_MSGSEND = YES;
				ENABLE_TESTABILITY = YES;
				GCC_C_LANGUAGE_STANDARD = gnu11;
				GCC_DYNAMIC_NO_PIC = NO;
				GCC_NO_COMMON_BLOCKS = YES;
				GCC_OPTIMIZATION_LEVEL = 0;
				GCC_PREPROCESSOR_DEFINITIONS = (
					"DEBUG=1",
					"$(inherited)",
				);
				GCC_WARN_64_TO_32_BIT_CONVERSION = YES;
				GCC_WARN_ABOUT_RETURN_TYPE = YES_ERROR;
				GCC_WARN_UNDECLARED_SELECTOR = YES;
				GCC_WARN_UNINITIALIZED_AUTOS = YES_AGGRESSIVE;
				GCC_WARN_UNUSED_FUNCTION = YES;
				GCC_WARN_UNUSED_VARIABLE = YES;
				IPHONEOS_DEPLOYMENT_TARGET = 11.0;
				MTL_ENABLE_DEBUG_INFO = YES;
				ONLY_ACTIVE_ARCH = YES;
				SDKROOT = iphoneos;
				SWIFT_ACTIVE_COMPILATION_CONDITIONS = DEBUG;
				SWIFT_OPTIMIZATION_LEVEL = "-Onone";
			};
			name = Debug;
		};
		277BEFA81F84353300A414BA /* Release */ = {
			isa = XCBuildConfiguration;
			buildSettings = {
				ALWAYS_SEARCH_USER_PATHS = NO;
				CLANG_ANALYZER_NONNULL = YES;
				CLANG_ANALYZER_NUMBER_OBJECT_CONVERSION = YES_AGGRESSIVE;
				CLANG_CXX_LANGUAGE_STANDARD = "gnu++14";
				CLANG_CXX_LIBRARY = "libc++";
				CLANG_ENABLE_MODULES = YES;
				CLANG_ENABLE_OBJC_ARC = YES;
				CLANG_WARN_BLOCK_CAPTURE_AUTORELEASING = YES;
				CLANG_WARN_BOOL_CONVERSION = YES;
				CLANG_WARN_COMMA = YES;
				CLANG_WARN_CONSTANT_CONVERSION = YES;
				CLANG_WARN_DIRECT_OBJC_ISA_USAGE = YES_ERROR;
				CLANG_WARN_DOCUMENTATION_COMMENTS = YES;
				CLANG_WARN_EMPTY_BODY = YES;
				CLANG_WARN_ENUM_CONVERSION = YES;
				CLANG_WARN_INFINITE_RECURSION = YES;
				CLANG_WARN_INT_CONVERSION = YES;
				CLANG_WARN_NON_LITERAL_NULL_CONVERSION = YES;
				CLANG_WARN_OBJC_LITERAL_CONVERSION = YES;
				CLANG_WARN_OBJC_ROOT_CLASS = YES_ERROR;
				CLANG_WARN_RANGE_LOOP_ANALYSIS = YES;
				CLANG_WARN_STRICT_PROTOTYPES = YES;
				CLANG_WARN_SUSPICIOUS_MOVE = YES;
				CLANG_WARN_UNGUARDED_AVAILABILITY = YES_AGGRESSIVE;
				CLANG_WARN_UNREACHABLE_CODE = YES;
				CLANG_WARN__DUPLICATE_METHOD_MATCH = YES;
				CODE_SIGN_IDENTITY = "iPhone Developer";
				COPY_PHASE_STRIP = NO;
				DEBUG_INFORMATION_FORMAT = "dwarf-with-dsym";
				ENABLE_NS_ASSERTIONS = NO;
				ENABLE_STRICT_OBJC_MSGSEND = YES;
				GCC_C_LANGUAGE_STANDARD = gnu11;
				GCC_NO_COMMON_BLOCKS = YES;
				GCC_WARN_64_TO_32_BIT_CONVERSION = YES;
				GCC_WARN_ABOUT_RETURN_TYPE = YES_ERROR;
				GCC_WARN_UNDECLARED_SELECTOR = YES;
				GCC_WARN_UNINITIALIZED_AUTOS = YES_AGGRESSIVE;
				GCC_WARN_UNUSED_FUNCTION = YES;
				GCC_WARN_UNUSED_VARIABLE = YES;
				IPHONEOS_DEPLOYMENT_TARGET = 11.0;
				MTL_ENABLE_DEBUG_INFO = NO;
				SDKROOT = iphoneos;
				SWIFT_OPTIMIZATION_LEVEL = "-Owholemodule";
				VALIDATE_PRODUCT = YES;
			};
			name = Release;
		};
		277BEFAA1F84353300A414BA /* Debug */ = {
			isa = XCBuildConfiguration;
			baseConfigurationReference = 45F67D59EFCEC3E65F5E621B /* Pods-BasketBall.debug.xcconfig */;
			buildSettings = {
				ASSETCATALOG_COMPILER_APPICON_NAME = AppIcon;
				CODE_SIGN_STYLE = Automatic;
				DEVELOPMENT_TEAM = 4WU9L65MXB;
				INFOPLIST_FILE = "$(SRCROOT)/Basketball/Info.plist";
				LD_RUNPATH_SEARCH_PATHS = "$(inherited) @executable_path/Frameworks";
				PRODUCT_BUNDLE_IDENTIFIER = com.FarmLodge.Basketball;
				PRODUCT_NAME = "$(TARGET_NAME)";
				SWIFT_VERSION = 4.0;
				TARGETED_DEVICE_FAMILY = "1,2";
			};
			name = Debug;
		};
		277BEFAB1F84353300A414BA /* Release */ = {
			isa = XCBuildConfiguration;
			baseConfigurationReference = 64030AA85DF5A68FC9B25314 /* Pods-BasketBall.release.xcconfig */;
			buildSettings = {
				ASSETCATALOG_COMPILER_APPICON_NAME = AppIcon;
				CODE_SIGN_STYLE = Automatic;
				DEVELOPMENT_TEAM = 4WU9L65MXB;
				INFOPLIST_FILE = "$(SRCROOT)/Basketball/Info.plist";
				LD_RUNPATH_SEARCH_PATHS = "$(inherited) @executable_path/Frameworks";
				PRODUCT_BUNDLE_IDENTIFIER = com.FarmLodge.Basketball;
				PRODUCT_NAME = "$(TARGET_NAME)";
				SWIFT_VERSION = 4.0;
				TARGETED_DEVICE_FAMILY = "1,2";
			};
			name = Release;
		};
/* End XCBuildConfiguration section */

/* Begin XCConfigurationList section */
		277BEF921F84353300A414BA /* Build configuration list for PBXProject "BasketBall" */ = {
			isa = XCConfigurationList;
			buildConfigurations = (
				277BEFA71F84353300A414BA /* Debug */,
				277BEFA81F84353300A414BA /* Release */,
			);
			defaultConfigurationIsVisible = 0;
			defaultConfigurationName = Release;
		};
		277BEFA91F84353300A414BA /* Build configuration list for PBXNativeTarget "BasketBall" */ = {
			isa = XCConfigurationList;
			buildConfigurations = (
				277BEFAA1F84353300A414BA /* Debug */,
				277BEFAB1F84353300A414BA /* Release */,
			);
			defaultConfigurationIsVisible = 0;
			defaultConfigurationName = Release;
		};
/* End XCConfigurationList section */
	};
	rootObject = 277BEF8F1F84353300A414BA /* Project object */;
}
